
Microsoft Visual Studio Solution File, Format Version 12.00
# Visual Studio Version 17
VisualStudioVersion = 17.6.33829.357
MinimumVisualStudioVersion = 10.0.40219.1
Project("{FAE04EC0-301F-11D3-BF4B-00C04F79EFBC}") = "University.Api", "University.Api\University.Api.csproj", "{C02AD972-19D2-4DF1-83FD-EED3D727FAB0}"
EndProject
Project("{FAE04EC0-301F-11D3-BF4B-00C04F79EFBC}") = "University.Dal", "University.Dal\University.Dal.csproj", "{51E327C4-B47D-40AB-A730-973399C33EC2}"
EndProject
Project("{FAE04EC0-301F-11D3-BF4B-00C04F79EFBC}") = "University.Bll", "University.Bll\University.Bll.csproj", "{6B79D805-B764-4108-AF1E-164303945F16}"
EndProject
Global
	GlobalSection(SolutionConfigurationPlatforms) = preSolution
		Debug|Any CPU = Debug|Any CPU
		Release|Any CPU = Release|Any CPU
	EndGlobalSection
	GlobalSection(ProjectConfigurationPlatforms) = postSolution
		{C02AD972-19D2-4DF1-83FD-EED3D727FAB0}.Debug|Any CPU.ActiveCfg = Debug|Any CPU
		{C02AD972-19D2-4DF1-83FD-EED3D727FAB0}.Debug|Any CPU.Build.0 = Debug|Any CPU
		{C02AD972-19D2-4DF1-83FD-EED3D727FAB0}.Release|Any CPU.ActiveCfg = Release|Any CPU
		{C02AD972-19D2-4DF1-83FD-EED3D727FAB0}.Release|Any CPU.Build.0 = Release|Any CPU
		{51E327C4-B47D-40AB-A730-973399C33EC2}.Debug|Any CPU.ActiveCfg = Debug|Any CPU
		{51E327C4-B47D-40AB-A730-973399C33EC2}.Debug|Any CPU.Build.0 = Debug|Any CPU
		{51E327C4-B47D-40AB-A730-973399C33EC2}.Release|Any CPU.ActiveCfg = Release|Any CPU
		{51E327C4-B47D-40AB-A730-973399C33EC2}.Release|Any CPU.Build.0 = Release|Any CPU
		{6B79D805-B764-4108-AF1E-164303945F16}.Debug|Any CPU.ActiveCfg = Debug|Any CPU
		{6B79D805-B764-4108-AF1E-164303945F16}.Debug|Any CPU.Build.0 = Debug|Any CPU
		{6B79D805-B764-4108-AF1E-164303945F16}.Release|Any CPU.ActiveCfg = Release|Any CPU
		{6B79D805-B764-4108-AF1E-164303945F16}.Release|Any CPU.Build.0 = Release|Any CPU
	EndGlobalSection
	GlobalSection(SolutionProperties) = preSolution
		HideSolutionNode = FALSE
	EndGlobalSection
	GlobalSection(ExtensibilityGlobals) = postSolution
		SolutionGuid = {2C06E3A8-F7EC-4EF6-9E1A-FBE76915D594}
	EndGlobalSection
EndGlobal
